
Microsoft Visual Studio Solution File, Format Version 12.00
# Visual Studio Version 17
VisualStudioVersion = 17.5.33424.131
MinimumVisualStudioVersion = 10.0.40219.1
Project("{FAE04EC0-301F-11D3-BF4B-00C04F79EFBC}") = "P4E218010004.Android", "P4E218010004.Android\P4E218010004.Android.csproj", "{0238E2DC-2621-45E3-AAFD-6FC21FAE96EF}"
EndProject
Project("{FAE04EC0-301F-11D3-BF4B-00C04F79EFBC}") = "P4E218010004", "P4E218010004\P4E218010004.csproj", "{1FEA1692-60B8-4BE0-ADF6-DF163D1B6F68}"
EndProject
Global
	GlobalSection(SolutionConfigurationPlatforms) = preSolution
		Debug|Any CPU = Debug|Any CPU
		Release|Any CPU = Release|Any CPU
	EndGlobalSection
	GlobalSection(ProjectConfigurationPlatforms) = postSolution
		{0238E2DC-2621-45E3-AAFD-6FC21FAE96EF}.Debug|Any CPU.ActiveCfg = Debug|Any CPU
		{0238E2DC-2621-45E3-AAFD-6FC21FAE96EF}.Debug|Any CPU.Build.0 = Debug|Any CPU
		{0238E2DC-2621-45E3-AAFD-6FC21FAE96EF}.Debug|Any CPU.Deploy.0 = Debug|Any CPU
		{0238E2DC-2621-45E3-AAFD-6FC21FAE96EF}.Release|Any CPU.ActiveCfg = Release|Any CPU
		{0238E2DC-2621-45E3-AAFD-6FC21FAE96EF}.Release|Any CPU.Build.0 = Release|Any CPU
		{0238E2DC-2621-45E3-AAFD-6FC21FAE96EF}.Release|Any CPU.Deploy.0 = Release|Any CPU
		{1FEA1692-60B8-4BE0-ADF6-DF163D1B6F68}.Debug|Any CPU.ActiveCfg = Debug|Any CPU
		{1FEA1692-60B8-4BE0-ADF6-DF163D1B6F68}.Debug|Any CPU.Build.0 = Debug|Any CPU
		{1FEA1692-60B8-4BE0-ADF6-DF163D1B6F68}.Debug|Any CPU.Deploy.0 = Debug|Any CPU
		{1FEA1692-60B8-4BE0-ADF6-DF163D1B6F68}.Release|Any CPU.ActiveCfg = Release|Any CPU
		{1FEA1692-60B8-4BE0-ADF6-DF163D1B6F68}.Release|Any CPU.Build.0 = Release|Any CPU
		{1FEA1692-60B8-4BE0-ADF6-DF163D1B6F68}.Release|Any CPU.Deploy.0 = Release|Any CPU
	EndGlobalSection
	GlobalSection(SolutionProperties) = preSolution
		HideSolutionNode = FALSE
	EndGlobalSection
	GlobalSection(ExtensibilityGlobals) = postSolution
		SolutionGuid = {D19C8980-4D8F-4F49-A93B-FBE133DD3036}
	EndGlobalSection
EndGlobal
